<?xml version="1.0" encoding="utf-8"?>
<Project ToolsVersion="4.0" xmlns="http://schemas.microsoft.com/developer/msbuild/2003">
  <ItemGroup>
    <Filter Include="Source Files">
      <UniqueIdentifier>{4FC737F1-C7A5-4376-A066-2A32D752A2FF}</UniqueIdentifier>
      <Extensions>cpp;c;cc;cxx;def;odl;idl;hpj;bat;asm;asmx</Extensions>
    </Filter>
    <Filter Include="Header Files">
      <UniqueIdentifier>{93995380-89BD-4b04-88EB-625FBE52EBFB}</UniqueIdentifier>
      <Extensions>h;hh;hpp;hxx;hm;inl;inc;xsd</Extensions>
    </Filter>
    <Filter Include="Resource Files">
      <UniqueIdentifier>{67DA6AB6-F800-4c08-8B7A-83BB121AAD01}</UniqueIdentifier>
      <Extensions>rc;ico;cur;bmp;dlg;rc2;rct;bin;rgs;gif;jpg;jpeg;jpe;resx;tiff;tif;png;wav;mfcribbon-ms</Extensions>
    </Filter>
    <Filter Include="GameSource">
      <UniqueIdentifier>{87907148-ebc3-4df8-9e27-e7440add9e19}</UniqueIdentifier>
    </Filter>
    <Filter Include="GameSource\Core">
      <UniqueIdentifier>{9bff1bd5-a1f4-4a07-ad39-34c5da26aef7}</UniqueIdentifier>
    </Filter>
    <Filter Include="GameSource\1945">
      <UniqueIdentifier>{166fcbba-97c9-4308-9e5b-bb51e551e775}</UniqueIdentifier>
    </Filter>
    <Filter Include="GameSource\1945\Core">
      <UniqueIdentifier>{7d5916fd-97be-4f65-85b1-34b5fdd5758f}</UniqueIdentifier>
    </Filter>
    <Filter Include="GameSource\1945\Manager">
      <UniqueIdentifier>{2b4e2360-0f25-4fcb-b08d-bc3c15d839aa}</UniqueIdentifier>
    </Filter>
    <Filter Include="GameSource\1945\Object">
      <UniqueIdentifier>{64742820-afd8-421a-8721-905e900629fc}</UniqueIdentifier>
    </Filter>
    <Filter Include="GameSource\1945\Manager\ObjectManager">
      <UniqueIdentifier>{fb8c535e-9d37-49b4-89c2-e661bafe6083}</UniqueIdentifier>
    </Filter>
    <Filter Include="GameSource\1945\Manager\CollisionManager">
      <UniqueIdentifier>{bf870ea7-8039-4d7c-af7f-bed088848fbe}</UniqueIdentifier>
    </Filter>
    <Filter Include="GameSource\1945\Object\Core">
      <UniqueIdentifier>{093ad118-c27f-48d0-a0a3-3e838a98980b}</UniqueIdentifier>
    </Filter>
    <Filter Include="GameSource\1945\Object\Projectile">
      <UniqueIdentifier>{3c1d6541-4c6e-4f15-a0f4-61f99fb167ef}</UniqueIdentifier>
    </Filter>
    <Filter Include="GameSource\1945\Object\Creature">
      <UniqueIdentifier>{5444bdaa-ed80-42c1-a78f-a77ab1f244b3}</UniqueIdentifier>
    </Filter>
  </ItemGroup>
  <ItemGroup>
    <Text Include="ReadMe.txt" />
  </ItemGroup>
  <ItemGroup>
    <ClInclude Include="stdafx.h">
      <Filter>Header Files</Filter>
    </ClInclude>
    <ClInclude Include="targetver.h">
      <Filter>Header Files</Filter>
    </ClInclude>
    <ClInclude Include="Resource.h">
      <Filter>Header Files</Filter>
    </ClInclude>
    <ClInclude Include="ProjectSH.h">
      <Filter>Header Files</Filter>
    </ClInclude>
    <ClInclude Include="SHGameInterface.h">
      <Filter>GameSource\Core</Filter>
    </ClInclude>
    <ClInclude Include="SHGame.h">
      <Filter>GameSource\Core</Filter>
    </ClInclude>
    <ClInclude Include="SHGame1945.h">
      <Filter>GameSource\1945\Core</Filter>
    </ClInclude>
    <ClInclude Include="SHPrimitive.h">
      <Filter>GameSource\1945\Core</Filter>
    </ClInclude>
    <ClInclude Include="SHObjectManager.h">
      <Filter>GameSource\1945\Manager\ObjectManager</Filter>
    </ClInclude>
    <ClInclude Include="SHCollisionManager.h">
      <Filter>GameSource\1945\Manager\CollisionManager</Filter>
    </ClInclude>
    <ClInclude Include="SHBaseObject.h">
      <Filter>GameSource\1945\Object\Core</Filter>
    </ClInclude>
    <ClInclude Include="SHProjectile.h">
      <Filter>GameSource\1945\Object\Projectile</Filter>
    </ClInclude>
    <ClInclude Include="SHPlayer.h">
      <Filter>GameSource\1945\Object\Creature</Filter>
    </ClInclude>
  </ItemGroup>
  <ItemGroup>
    <ClCompile Include="stdafx.cpp">
      <Filter>Source Files</Filter>
    </ClCompile>
    <ClCompile Include="ProjectSH.cpp">
      <Filter>Source Files</Filter>
    </ClCompile>
    <ClCompile Include="SHGameInterface.cpp">
      <Filter>GameSource\Core</Filter>
    </ClCompile>
    <ClCompile Include="SHGame1945.cpp">
      <Filter>GameSource\1945\Core</Filter>
    </ClCompile>
    <ClCompile Include="SHObjectManager.cpp">
      <Filter>GameSource\1945\Manager\ObjectManager</Filter>
    </ClCompile>
    <ClCompile Include="SHProjectile.cpp">
      <Filter>GameSource\1945\Object\Projectile</Filter>
    </ClCompile>
    <ClCompile Include="SHPlayer.cpp">
      <Filter>GameSource\1945\Object\Creature</Filter>
    </ClCompile>
    <ClCompile Include="S1BaseObject.cpp">
      <Filter>GameSource\1945\Object\Core</Filter>
    </ClCompile>
  </ItemGroup>
  <ItemGroup>
    <ResourceCompile Include="ProjectSH.rc">
      <Filter>Resource Files</Filter>
    </ResourceCompile>
  </ItemGroup>
  <ItemGroup>
    <Image Include="small.ico">
      <Filter>Resource Files</Filter>
    </Image>
    <Image Include="ProjectSH.ico">
      <Filter>Resource Files</Filter>
    </Image>
  </ItemGroup>
</Project>